lockfileVersion: '9.0'
settings:
  autoInstallPeers: true
  excludeLinksFromLockfile: false
importers:
  .:
    dependencies:
      '@fastify/static':
        specifier: ^8.2.0
        version: 8.2.0
      '@mercuryworkshop/bare-mux':
        specifier: ^2.1.7
        version: 2.1.7
      '@mercuryworkshop/epoxy-transport':
        specifier: ^2.1.27
        version: 2.1.27
      '@mercuryworkshop/libcurl-transport':
        specifier: ^1.5.0
        version: 1.5.0
      '@mercuryworkshop/scramjet':
        specifier: https://github.com/MercuryWorkshop/scramjet/releases/download/latest/mercuryworkshop-scramjet-1.0.2-dev.tgz
        version: https://github.com/MercuryWorkshop/scramjet/releases/download/latest/mercuryworkshop-scramjet-1.0.2-dev.tgz
      '@mercuryworkshop/wisp-js':
        specifier: ^0.3.3
        version: 0.3.3(utf-8-validate@6.0.5)
      '@titaniumnetwork-dev/ultraviolet':
        specifier: ^3.2.10
        version: 3.2.10
      fastify:
        specifier: ^5.3.3
        version: 5.3.3
      wisp-server-node:
        specifier: ^1.1.7
        version: 1.1.7
    devDependencies:
      eslint:
        specifier: ^9.28.0
        version: 9.28.0
packages:
  '@eslint-community/eslint-utils@4.7.0':
    resolution: {integrity: sha512-dyybb3AcajC7uha6CvhdVRJqaKyn7w2YKqKyAN37NKYgZT36w+iRb0Dymmc5qEJ549c/S31cMMSFd75bteCpCw==}
    engines: {node: ^12.22.0 || ^14.17.0 || >=16.0.0}
    peerDependencies:
      eslint: ^6.0.0 || ^7.0.0 || >=8.0.0
  '@eslint-community/regexpp@4.12.1':
    resolution: {integrity: sha512-CCZCDJuduB9OUkFkY2IgppNZMi2lBQgD2qzwXkEia16cge2pijY/aXi96CJMquDMn3nJdlPV1A5KrJEXwfLNzQ==}
    engines: {node: ^12.0.0 || ^14.0.0 || >=16.0.0}
  '@eslint/config-array@0.20.0':
    resolution: {integrity: sha512-qIbV0/JZr7iSDjqAc60IqbLdsj16xQtWD+B78d/HAlvysGdZZ6rpJHGAc2T0FQx1X6thsSPdnoiGKdNtdgFJqQ==}
    engines: {node: ^18.18.0 || ^20.9.0 || >=21.1.0}
  '@eslint/config-helpers@0.2.2':
    resolution: {integrity
